
Microsoft Visual Studio Solution File, Format Version 12.00
# Visual Studio Version 17
VisualStudioVersion = 17.5.33424.131
MinimumVisualStudioVersion = 10.0.40219.1
Project("{9A19103F-16F7-4668-BE54-9A1E7A4F7556}") = "HowManyNumberOfDigits", "HowManyNumberOfDigits\HowManyNumberOfDigits.csproj", "{DB5E8DF2-6FD6-43B4-BF1B-A4597150416B}"
EndProject
Project("{9A19103F-16F7-4668-BE54-9A1E7A4F7556}") = "NumberEqualsOfDigitsCube", "NumberEqualsOfDigitsCube\NumberEqualsOfDigitsCube.csproj", "{867F26DC-2A4E-4265-A91C-EC2AD64966E9}"
EndProject
Project("{9A19103F-16F7-4668-BE54-9A1E7A4F7556}") = "BinarySearch", "BinarySearch\BinarySearch.csproj", "{699328AE-168E-4E24-A177-0821D7BB88FF}"
EndProject
Project("{9A19103F-16F7-4668-BE54-9A1E7A4F7556}") = "FirstBadVersion", "FirstBadVersion\FirstBadVersion.csproj", "{4F8836FC-6EBB-4F45-A5A0-8F68C5235D1A}"
EndProject
Project("{9A19103F-16F7-4668-BE54-9A1E7A4F7556}") = "SearchInsertPosition", "SearchInsertPosition\SearchInsertPosition.csproj", "{D2E4FFDF-ACA5-4B9D-A9EC-F64010C8F01D}"
EndProject
Project("{9A19103F-16F7-4668-BE54-9A1E7A4F7556}") = "SquaresOfSortedArray", "SquaresOfSortedArray\SquaresOfSortedArray.csproj", "{01DFED24-FD3F-473B-9B29-5055633C89AD}"
EndProject
Project("{9A19103F-16F7-4668-BE54-9A1E7A4F7556}") = "RotateArray", "RotateArray\RotateArray.csproj", "{0653B0F3-8B73-4AC1-99EE-63F1614C4A4A}"
EndProject
Project("{9A19103F-16F7-4668-BE54-9A1E7A4F7556}") = "Palindrome", "Palindrome\Palindrome.csproj", "{192AA53A-8BE6-4FDB-9A5C-D334A257F581}"
EndProject
Project("{9A19103F-16F7-4668-BE54-9A1E7A4F7556}") = "MailContains", "MailContains\MailContains.csproj", "{FD5A972B-814B-4379-8F1E-CD9530E60889}"
EndProject
Project("{9A19103F-16F7-4668-BE54-9A1E7A4F7556}") = "ArmstrongNumber", "ArmstrongNumber\ArmstrongNumber.csproj", "{AA899ABF-6619-4CBA-B7DE-4A03E3752A8F}"
EndProject
Project("{9A19103F-16F7-4668-BE54-9A1E7A4F7556}") = "MoveZeroes", "MoveZeroes\MoveZeroes.csproj", "{CA255090-BBA7-46ED-B02B-8BD670CE2FAD}"
EndProject
Project("{9A19103F-16F7-4668-BE54-9A1E7A4F7556}") = "TwoSum", "TwoSum\TwoSum.csproj", "{A47681F4-C250-4FCB-9D3E-A4BDE1E0DC7F}"
EndProject
Project("{9A19103F-16F7-4668-BE54-9A1E7A4F7556}") = "ReverseString", "ReverseString\ReverseString.csproj", "{A5D7C1D1-2EAB-4500-AF03-F71EEAC6F93F}"
EndProject
Project("{9A19103F-16F7-4668-BE54-9A1E7A4F7556}") = "StringChallenge", "StringChallenge\StringChallenge.csproj", "{9B26FD97-2913-49B9-B06D-E7545551CB1D}"
EndProject
Project("{9A19103F-16F7-4668-BE54-9A1E7A4F7556}") = "SearchingChallenge", "SearchingChallenge\SearchingChallenge.csproj", "{C9BADF12-5D89-4DFD-8002-80870C19967F}"
EndProject
Project("{9A19103F-16F7-4668-BE54-9A1E7A4F7556}") = "StringTimeDifference", "StringTimeDifference\StringTimeDifference.csproj", "{92C4555F-C26B-4063-9260-10A1684E47CA}"
EndProject
Project("{9A19103F-16F7-4668-BE54-9A1E7A4F7556}") = "CountOddNumbers", "CountOddNumbers\CountOddNumbers.csproj", "{0514900C-81A5-4B70-BC77-955165F22E36}"
EndProject
Project("{9A19103F-16F7-4668-BE54-9A1E7A4F7556}") = "AverageSalary", "AverageSalary\AverageSalary.csproj", "{238B18B8-D2BD-42A9-AEE3-9B42988B1900}"
EndProject
Project("{9A19103F-16F7-4668-BE54-9A1E7A4F7556}") = "NumberOf1Bits", "NumberOf1Bits\NumberOf1Bits.csproj", "{808AE8CB-B615-4C0C-852B-E9AF6BB6FD3A}"
EndProject
Project("{9A19103F-16F7-4668-BE54-9A1E7A4F7556}") = "SubstractTheProductAndSumOfDigitsInteger", "SubstractTheProductAndSumOfDigitsInteger\SubstractTheProductAndSumOfDigitsInteger.csproj", "{60C6B771-C556-4969-82E9-958D4B86022F}"
EndProject
Project("{9A19103F-16F7-4668-BE54-9A1E7A4F7556}") = "SignOfTheProductOfAnArray", "SignOfTheProductOfAnArray\SignOfTheProductOfAnArray.csproj", "{DC81CEBA-F8C2-415D-9724-04836256C21F}"
EndProject
Project("{9A19103F-16F7-4668-BE54-9A1E7A4F7556}") = "CanMakeArithmeticProgressionFromSequence", "CanMakeArithmeticProgressionFromSequence\CanMakeArithmeticProgressionFromSequence.csproj", "{71B8901F-F0B4-44B4-924F-533B16C38AB9}"
EndProject
Project("{9A19103F-16F7-4668-BE54-9A1E7A4F7556}") = "HappyNumber", "HappyNumber\HappyNumber.csproj", "{98F5F423-401B-4751-AAA3-AF4D17E8F2A1}"
EndProject
Project("{9A19103F-16F7-4668-BE54-9A1E7A4F7556}") = "CheckIfOneStringSwapCanMakeStringsEqual", "CheckIfOneStringSwapCanMakeStringsEqual\CheckIfOneStringSwapCanMakeStringsEqual.csproj", "{5668AD06-C708-4BF2-8A51-D28845677719}"
EndProject
Project("{FAE04EC0-301F-11D3-BF4B-00C04F79EFBC}") = "CheckIfItHasAStraightLine", "CheckIfItHasAStraightLine\CheckIfItHasAStraightLine.csproj", "{D114CD83-5383-49B6-83BF-8D7B7D6E12AE}"
EndProject
Global
	GlobalSection(SolutionConfigurationPlatforms) = preSolution
		Debug|Any CPU = Debug|Any CPU
		Release|Any CPU = Release|Any CPU
	EndGlobalSection
	GlobalSection(ProjectConfigurationPlatforms) = postSolution
		{DB5E8DF2-6FD6-43B4-BF1B-A4597150416B}.Debug|Any CPU.ActiveCfg = Debug|Any CPU
		{DB5E8DF2-6FD6-43B4-BF1B-A4597150416B}.Debug|Any CPU.Build.0 = Debug|Any CPU
		{DB5E8DF2-6FD6-43B4-BF1B-A4597150416B}.Release|Any CPU.ActiveCfg = Release|Any CPU
		{DB5E8DF2-6FD6-43B4-BF1B-A4597150416B}.Release|Any CPU.Build.0 = Release|Any CPU
		{867F26DC-2A4E-4265-A91C-EC2AD64966E9}.Debug|Any CPU.ActiveCfg = Debug|Any CPU
		{867F26DC-2A4E-4265-A91C-EC2AD64966E9}.Debug|Any CPU.Build.0 = Debug|Any CPU
		{867F26DC-2A4E-4265-A91C-EC2AD64966E9}.Release|Any CPU.ActiveCfg = Release|Any CPU
		{867F26DC-2A4E-4265-A91C-EC2AD64966E9}.Release|Any CPU.Build.0 = Release|Any CPU
		{699328AE-168E-4E24-A177-0821D7BB88FF}.Debug|Any CPU.ActiveCfg = Debug|Any CPU
		{699328AE-168E-4E24-A177-0821D7BB88FF}.Debug|Any CPU.Build.0 = Debug|Any CPU
		{699328AE-168E-4E24-A177-0821D7BB88FF}.Release|Any CPU.ActiveCfg = Release|Any CPU
		{699328AE-168E-4E24-A177-0821D7BB88FF}.Release|Any CPU.Build.0 = Release|Any CPU
		{4F8836FC-6EBB-4F45-A5A0-8F68C5235D1A}.Debug|Any CPU.ActiveCfg = Debug|Any CPU
		{4F8836FC-6EBB-4F45-A5A0-8F68C5235D1A}.Debug|Any CPU.Build.0 = Debug|Any CPU
		{4F8836FC-6EBB-4F45-A5A0-8F68C5235D1A}.Release|Any CPU.ActiveCfg = Release|Any CPU
		{4F8836FC-6EBB-4F45-A5A0-8F68C5235D1A}.Release|Any CPU.Build.0 = Release|Any CPU
		{D2E4FFDF-ACA5-4B9D-A9EC-F64010C8F01D}.Debug|Any CPU.ActiveCfg = Debug|Any CPU
		{D2E4FFDF-ACA5-4B9D-A9EC-F64010C8F01D}.Debug|Any CPU.Build.0 = Debug|Any CPU
		{D2E4FFDF-ACA5-4B9D-A9EC-F64010C8F01D}.Release|Any CPU.ActiveCfg = Release|Any CPU
		{D2E4FFDF-ACA5-4B9D-A9EC-F64010C8F01D}.Release|Any CPU.Build.0 = Release|Any CPU
		{01DFED24-FD3F-473B-9B29-5055633C89AD}.Debug|Any CPU.ActiveCfg = Debug|Any CPU
		{01DFED24-FD3F-473B-9B29-5055633C89AD}.Debug|Any CPU.Build.0 = Debug|Any CPU
		{01DFED24-FD3F-473B-9B29-5055633C89AD}.Release|Any CPU.ActiveCfg = Release|Any CPU
		{01DFED24-FD3F-473B-9B29-5055633C89AD}.Release|Any CPU.Build.0 = Release|Any CPU
		{0653B0F3-8B73-4AC1-99EE-63F1614C4A4A}.Debug|Any CPU.ActiveCfg = Debug|Any CPU
		{0653B0F3-8B73-4AC1-99EE-63F1614C4A4A}.Debug|Any CPU.Build.0 = Debug|Any CPU
		{0653B0F3-8B73-4AC1-99EE-63F1614C4A4A}.Release|Any CPU.ActiveCfg = Release|Any CPU
		{0653B0F3-8B73-4AC1-99EE-63F1614C4A4A}.Release|Any CPU.Build.0 = Release|Any CPU
		{192AA53A-8BE6-4FDB-9A5C-D334A257F581}.Debug|Any CPU.ActiveCfg = Debug|Any CPU
		{192AA53A-8BE6-4FDB-9A5C-D334A257F581}.Debug|Any CPU.Build.0 = Debug|Any CPU
		{192AA53A-8BE6-4FDB-9A5C-D334A257F581}.Release|Any CPU.ActiveCfg = Release|Any CPU
		{192AA53A-8BE6-4FDB-9A5C-D334A257F581}.Release|Any CPU.Build.0 = Release|Any CPU
		{FD5A972B-814B-4379-8F1E-CD9530E60889}.Debug|Any CPU.ActiveCfg = Debug|Any CPU
		{FD5A972B-814B-4379-8F1E-CD9530E60889}.Debug|Any CPU.Build.0 = Debug|Any CPU
		{FD5A972B-814B-4379-8F1E-CD9530E60889}.Release|Any CPU.ActiveCfg = Release|Any CPU
		{FD5A972B-814B-4379-8F1E-CD9530E60889}.Release|Any CPU.Build.0 = Release|Any CPU
		{AA899ABF-6619-4CBA-B7DE-4A03E3752A8F}.Debug|Any CPU.ActiveCfg = Debug|Any CPU
		{AA899ABF-6619-4CBA-B7DE-4A03E3752A8F}.Debug|Any CPU.Build.0 = Debug|Any CPU
		{AA899ABF-6619-4CBA-B7DE-4A03E3752A8F}.Release|Any CPU.ActiveCfg = Release|Any CPU
		{AA899ABF-6619-4CBA-B7DE-4A03E3752A8F}.Release|Any CPU.Build.0 = Release|Any CPU
		{CA255090-BBA7-46ED-B02B-8BD670CE2FAD}.Debug|Any CPU.ActiveCfg = Debug|Any CPU
		{CA255090-BBA7-46ED-B02B-8BD670CE2FAD}.Debug|Any CPU.Build.0 = Debug|Any CPU
		{CA255090-BBA7-46ED-B02B-8BD670CE2FAD}.Release|Any CPU.ActiveCfg = Release|Any CPU
		{CA255090-BBA7-46ED-B02B-8BD670CE2FAD}.Release|Any CPU.Build.0 = Release|Any CPU
		{A47681F4-C250-4FCB-9D3E-A4BDE1E0DC7F}.Debug|Any CPU.ActiveCfg = Debug|Any CPU
		{A47681F4-C250-4FCB-9D3E-A4BDE1E0DC7F}.Debug|Any CPU.Build.0 = Debug|Any CPU
		{A47681F4-C250-4FCB-9D3E-A4BDE1E0DC7F}.Release|Any CPU.ActiveCfg = Release|Any CPU
		{A47681F4-C250-4FCB-9D3E-A4BDE1E0DC7F}.Release|Any CPU.Build.0 = Release|Any CPU
		{A5D7C1D1-2EAB-4500-AF03-F71EEAC6F93F}.Debug|Any CPU.ActiveCfg = Debug|Any CPU
		{A5D7C1D1-2EAB-4500-AF03-F71EEAC6F93F}.Debug|Any CPU.Build.0 = Debug|Any CPU
		{A5D7C1D1-2EAB-4500-AF03-F71EEAC6F93F}.Release|Any CPU.ActiveCfg = Release|Any CPU
		{A5D7C1D1-2EAB-4500-AF03-F71EEAC6F93F}.Release|Any CPU.Build.0 = Release|Any CPU
		{9B26FD97-2913-49B9-B06D-E7545551CB1D}.Debug|Any CPU.ActiveCfg = Debug|Any CPU
		{9B26FD97-2913-49B9-B06D-E7545551CB1D}.Debug|Any CPU.Build.0 = Debug|Any CPU
		{9B26FD97-2913-49B9-B06D-E7545551CB1D}.Release|Any CPU.ActiveCfg = Release|Any CPU
		{9B26FD97-2913-49B9-B06D-E7545551CB1D}.Release|Any CPU.Build.0 = Release|Any CPU
		{C9BADF12-5D89-4DFD-8002-80870C19967F}.Debug|Any CPU.ActiveCfg = Debug|Any CPU
		{C9BADF12-5D89-4DFD-8002-80870C19967F}.Debug|Any CPU.Build.0 = Debug|Any CPU
		{C9BADF12-5D89-4DFD-8002-80870C19967F}.Release|Any CPU.ActiveCfg = Release|Any CPU
		{C9BADF12-5D89-4DFD-8002-80870C19967F}.Release|Any CPU.Build.0 = Release|Any CPU
		{92C4555F-C26B-4063-9260-10A1684E47CA}.Debug|Any CPU.ActiveCfg = Debug|Any CPU
		{92C4555F-C26B-4063-9260-10A1684E47CA}.Debug|Any CPU.Build.0 = Debug|Any CPU
		{92C4555F-C26B-4063-9260-10A1684E47CA}.Release|Any CPU.ActiveCfg = Release|Any CPU
		{92C4555F-C26B-4063-9260-10A1684E47CA}.Release|Any CPU.Build.0 = Release|Any CPU
		{0514900C-81A5-4B70-BC77-955165F22E36}.Debug|Any CPU.ActiveCfg = Debug|Any CPU
		{0514900C-81A5-4B70-BC77-955165F22E36}.Debug|Any CPU.Build.0 = Debug|Any CPU
		{0514900C-81A5-4B70-BC77-955165F22E36}.Release|Any CPU.ActiveCfg = Release|Any CPU
		{0514900C-81A5-4B70-BC77-955165F22E36}.Release|Any CPU.Build.0 = Release|Any CPU
		{238B18B8-D2BD-42A9-AEE3-9B42988B1900}.Debug|Any CPU.ActiveCfg = Debug|Any CPU
		{238B18B8-D2BD-42A9-AEE3-9B42988B1900}.Debug|Any CPU.Build.0 = Debug|Any CPU
		{238B18B8-D2BD-42A9-AEE3-9B42988B1900}.Release|Any CPU.ActiveCfg = Release|Any CPU
		{238B18B8-D2BD-42A9-AEE3-9B42988B1900}.Release|Any CPU.Build.0 = Release|Any CPU
		{808AE8CB-B615-4C0C-852B-E9AF6BB6FD3A}.Debug|Any CPU.ActiveCfg = Debug|Any CPU
		{808AE8CB-B615-4C0C-852B-E9AF6BB6FD3A}.Debug|Any CPU.Build.0 = Debug|Any CPU
		{808AE8CB-B615-4C0C-852B-E9AF6BB6FD3A}.Release|Any CPU.ActiveCfg = Release|Any CPU
		{808AE8CB-B615-4C0C-852B-E9AF6BB6FD3A}.Release|Any CPU.Build.0 = Release|Any CPU
		{60C6B771-C556-4969-82E9-958D4B86022F}.Debug|Any CPU.ActiveCfg = Debug|Any CPU
		{60C6B771-C556-4969-82E9-958D4B86022F}.Debug|Any CPU.Build.0 = Debug|Any CPU
		{60C6B771-C556-4969-82E9-958D4B86022F}.Release|Any CPU.ActiveCfg = Release|Any CPU
		{60C6B771-C556-4969-82E9-958D4B86022F}.Release|Any CPU.Build.0 = Release|Any CPU
		{DC81CEBA-F8C2-415D-9724-04836256C21F}.Debug|Any CPU.ActiveCfg = Debug|Any CPU
		{DC81CEBA-F8C2-415D-9724-04836256C21F}.Debug|Any CPU.Build.0 = Debug|Any CPU
		{DC81CEBA-F8C2-415D-9724-04836256C21F}.Release|Any CPU.ActiveCfg = Release|Any CPU
		{DC81CEBA-F8C2-415D-9724-04836256C21F}.Release|Any CPU.Build.0 = Release|Any CPU
		{71B8901F-F0B4-44B4-924F-533B16C38AB9}.Debug|Any CPU.ActiveCfg = Debug|Any CPU
		{71B8901F-F0B4-44B4-924F-533B16C38AB9}.Debug|Any CPU.Build.0 = Debug|Any CPU
		{71B8901F-F0B4-44B4-924F-533B16C38AB9}.Release|Any CPU.ActiveCfg = Release|Any CPU
		{71B8901F-F0B4-44B4-924F-533B16C38AB9}.Release|Any CPU.Build.0 = Release|Any CPU
		{98F5F423-401B-4751-AAA3-AF4D17E8F2A1}.Debug|Any CPU.ActiveCfg = Debug|Any CPU
		{98F5F423-401B-4751-AAA3-AF4D17E8F2A1}.Debug|Any CPU.Build.0 = Debug|Any CPU
		{98F5F423-401B-4751-AAA3-AF4D17E8F2A1}.Release|Any CPU.ActiveCfg = Release|Any CPU
		{98F5F423-401B-4751-AAA3-AF4D17E8F2A1}.Release|Any CPU.Build.0 = Release|Any CPU
		{5668AD06-C708-4BF2-8A51-D28845677719}.Debug|Any CPU.ActiveCfg = Debug|Any CPU
		{5668AD06-C708-4BF2-8A51-D28845677719}.Debug|Any CPU.Build.0 = Debug|Any CPU
		{5668AD06-C708-4BF2-8A51-D28845677719}.Release|Any CPU.ActiveCfg = Release|Any CPU
		{5668AD06-C708-4BF2-8A51-D28845677719}.Release|Any CPU.Build.0 = Release|Any CPU
		{D114CD83-5383-49B6-83BF-8D7B7D6E12AE}.Debug|Any CPU.ActiveCfg = Debug|Any CPU
		{D114CD83-5383-49B6-83BF-8D7B7D6E12AE}.Debug|Any CPU.Build.0 = Debug|Any CPU
		{D114CD83-5383-49B6-83BF-8D7B7D6E12AE}.Release|Any CPU.ActiveCfg = Release|Any CPU
		{D114CD83-5383-49B6-83BF-8D7B7D6E12AE}.Release|Any CPU.Build.0 = Release|Any CPU
	EndGlobalSection
	GlobalSection(SolutionProperties) = preSolution
		HideSolutionNode = FALSE
	EndGlobalSection
	GlobalSection(ExtensibilityGlobals) = postSolution
		SolutionGuid = {54528D70-24C9-4055-BB98-F8D5D0A2D677}
	EndGlobalSection
EndGlobal
